
Microsoft Visual Studio Solution File, Format Version 12.00
# Visual Studio 14
VisualStudioVersion = 14.0.25420.1
MinimumVisualStudioVersion = 10.0.40219.1
Project("{FAE04EC0-301F-11D3-BF4B-00C04F79EFBC}") = "NetduinoClient", "NetduinoClient\NetduinoClient.csproj", "{0B0CB1ED-977C-4331-94E3-63B04143C672}"
EndProject
Project("{FAE04EC0-301F-11D3-BF4B-00C04F79EFBC}") = "Rfm9xLoRaDevice", "Rfm9xLoRaDevice\Rfm9xLoRaDevice.csproj", "{C6958BDD-B8E6-4216-9E19-561C00AF776E}"
EndProject
Project("{FAE04EC0-301F-11D3-BF4B-00C04F79EFBC}") = "SiliconLabsSI7005", "SiliconLabsSI7005\SiliconLabsSI7005.csproj", "{C86984B1-8718-4390-B945-F9889BE8E1D5}"
EndProject
Global
	GlobalSection(SolutionConfigurationPlatforms) = preSolution
		Debug|Any CPU = Debug|Any CPU
		Release|Any CPU = Release|Any CPU
	EndGlobalSection
	GlobalSection(ProjectConfigurationPlatforms) = postSolution
		{0B0CB1ED-977C-4331-94E3-63B04143C672}.Debug|Any CPU.ActiveCfg = Debug|Any CPU
		{0B0CB1ED-977C-4331-94E3-63B04143C672}.Debug|Any CPU.Build.0 = Debug|Any CPU
		{0B0CB1ED-977C-4331-94E3-63B04143C672}.Debug|Any CPU.Deploy.0 = Debug|Any CPU
		{0B0CB1ED-977C-4331-94E3-63B04143C672}.Release|Any CPU.ActiveCfg = Release|Any CPU
		{0B0CB1ED-977C-4331-94E3-63B04143C672}.Release|Any CPU.Build.0 = Release|Any CPU
		{0B0CB1ED-977C-4331-94E3-63B04143C672}.Release|Any CPU.Deploy.0 = Release|Any CPU
		{C6958BDD-B8E6-4216-9E19-561C00AF776E}.Debug|Any CPU.ActiveCfg = Debug|Any CPU
		{C6958BDD-B8E6-4216-9E19-561C00AF776E}.Debug|Any CPU.Build.0 = Debug|Any CPU
		{C6958BDD-B8E6-4216-9E19-561C00AF776E}.Release|Any CPU.ActiveCfg = Release|Any CPU
		{C6958BDD-B8E6-4216-9E19-561C00AF776E}.Release|Any CPU.Build.0 = Release|Any CPU
		{C86984B1-8718-4390-B945-F9889BE8E1D5}.Debug|Any CPU.ActiveCfg = Debug|Any CPU
		{C86984B1-8718-4390-B945-F9889BE8E1D5}.Debug|Any CPU.Build.0 = Debug|Any CPU
		{C86984B1-8718-4390-B945-F9889BE8E1D5}.Release|Any CPU.ActiveCfg = Release|Any CPU
		{C86984B1-8718-4390-B945-F9889BE8E1D5}.Release|Any CPU.Build.0 = Release|Any CPU
	EndGlobalSection
	GlobalSection(SolutionProperties) = preSolution
		HideSolutionNode = FALSE
	EndGlobalSection
EndGlobal
